
Microsoft Visual Studio Solution File, Format Version 12.00
# Visual Studio Version 16
VisualStudioVersion = 16.0.28729.10
MinimumVisualStudioVersion = 10.0.40219.1
Project("{FAE04EC0-301F-11D3-BF4B-00C04F79EFBC}") = "Singleton", "Singleton\Singleton.csproj", "{1971CE58-DE1F-4676-8CE6-E2934148C2EF}"
EndProject
Project("{2150E333-8FDC-42A3-9474-1A3956D46DE8}") = "Solution Items", "Solution Items", "{FEF355DB-0717-44DC-82DD-825F3183F8CF}"
	ProjectSection(SolutionItems) = preProject
		README.md = README.md
	EndProjectSection
EndProject
Global
	GlobalSection(SolutionConfigurationPlatforms) = preSolution
		Debug|Any CPU = Debug|Any CPU
		Release|Any CPU = Release|Any CPU
	EndGlobalSection
	GlobalSection(ProjectConfigurationPlatforms) = postSolution
		{1971CE58-DE1F-4676-8CE6-E2934148C2EF}.Debug|Any CPU.ActiveCfg = Debug|Any CPU
		{1971CE58-DE1F-4676-8CE6-E2934148C2EF}.Debug|Any CPU.Build.0 = Debug|Any CPU
		{1971CE58-DE1F-4676-8CE6-E2934148C2EF}.Release|Any CPU.ActiveCfg = Release|Any CPU
		{1971CE58-DE1F-4676-8CE6-E2934148C2EF}.Release|Any CPU.Build.0 = Release|Any CPU
	EndGlobalSection
	GlobalSection(SolutionProperties) = preSolution
		HideSolutionNode = FALSE
	EndGlobalSection
	GlobalSection(ExtensibilityGlobals) = postSolution
		SolutionGuid = {72287C59-BFBD-4021-9CE6-BD9947FED754}
	EndGlobalSection
EndGlobal
